// !$*UTF8*$!
{
	archiveVersion = 1;
	classes = {
	};
	objectVersion = 77;
	objects = {

/* Begin PBXContainerItemProxy section */
		AA5A9E972E02347A00DE236C /* PBXContainerItemProxy */ = {
			isa = PBXContainerItemProxy;
			containerPortal = AA5A9E7E2E02347900DE236C /* Project object */;
			proxyType = 1;
			remoteGlobalIDString = AA5A9E852E02347900DE236C;
			remoteInfo = ANiceClock;
		};
		AA5A9EA12E02347A00DE236C /* PBXContainerItemProxy */ = {
			isa = PBXContainerItemProxy;
			containerPortal = AA5A9E7E2E02347900DE236C /* Project object */;
			proxyType = 1;
			remoteGlobalIDString = AA5A9E852E02347900DE236C;
			remoteInfo = ANiceClock;
		};
/* End PBXContainerItemProxy section */

/* Begin PBXFileReference section */
		AA5A9E862E02347900DE236C /* ANiceClock.app */ = {isa = PBXFileReference; explicitFileType = wrapper.application; includeInIndex = 0; path = ANiceClock.app; sourceTree = BUILT_PRODUCTS_DIR; };
		AA5A9E962E02347A00DE236C /* ANiceClockTests.xctest */ = {isa = PBXFileReference; explicitFileType = wrapper.cfbundle; includeInIndex = 0; path = ANiceClockTests.xctest; sourceTree = BUILT_PRODUCTS_DIR; };
		AA5A9EA02E02347A00DE236C /* ANiceClockUITests.xctest */ = {isa = PBXFileReference; explicitFileType = wrapper.cfbundle; includeInIndex = 0; path = ANiceClockUITests.xctest; sourceTree = BUILT_PRODUCTS_DIR; };
/* End PBXFileReference section */

/* Begin PBXFileSystemSynchronizedRootGroup section */
		AA5A9E882E02347900DE236C /* ANiceClock */ = {
			isa = PBXFileSystemSynchronizedRootGroup;
			path = ANiceClock;
			sourceTree = "<group>";
		};
		AA5A9E992E02347A00DE236C /* ANiceClockTests */ = {
			isa = PBXFileSystemSynchronizedRootGroup;
			path = ANiceClockTests;
			sourceTree = "<group>";
		};
		AA5A9EA32E02347A00DE236C /* ANiceClockUITests */ = {
			isa = PBXFileSystemSynchronizedRootGroup;
			path = ANiceClockUITests;
			sourceTree = "<group>";
		};
/* End PBXFileSystemSynchronizedRootGroup section */

/* Begin PBXFrameworksBuildPhase section */
		AA5A9E832E02347900DE236C /* Frameworks */ = {
			isa = PBXFrameworksBuildPhase;
			buildActionMask = 2147483647;
			files = (
			);
			runOnlyForDeploymentPostprocessing = 0;
		};
		AA5A9E932E02347A00DE236C /* Frameworks */ = {
			isa = PBXFrameworksBuildPhase;
			buildActionMask = 2147483647;
			files = (
			);
			runOnlyForDeploymentPostprocessing = 0;
		};
		AA5A9E9D2E02347A00DE236C /* Frameworks */ = {
			isa = PBXFrameworksBuildPhase;
			buildActionMask = 2147483647;
			files = (
			);
			runOnlyForDeploymentPostprocessing = 0;
		};
/* End PBXFrameworksBuildPhase section */

/* Begin PBXGroup section */
		AA5A9E7D2E02347900DE236C = {
			isa = PBXGroup;
			children = (
				AA5A9E882E02347900DE236C /* ANiceClock */,
				AA5A9E992E02347A00DE236C /* ANiceClockTests */,
				AA5A9EA32E02347A00DE236C /* ANiceClockUITests */,
				AA5A9E872E02347900DE236C /* Products */,
			);
			sourceTree = "<group>";
		};
		AA5A9E872E02347900DE236C /* Products */ = {
			isa = PBXGroup;
			children = (
				AA5A9E862E02347900DE236C /* ANiceClock.app */,
				AA5A9E962E02347A00DE236C /* ANiceClockTests.xctest */,
				AA5A9EA02E02347A00DE236C /* ANiceClockUITests.xctest */,
			);
			name = Products;
			sourceTree = "<group>";
		};
/* End PBXGroup section */

/* Begin PBXNativeTarget section */
		AA5A9E852E02347900DE236C /* ANiceClock */ = {
			isa = PBXNativeTarget;
			buildConfigurationList = AA5A9EAA2E02347A00DE236C /* Build configuration list for PBXNativeTarget "ANiceClock" */;
			buildPhases = (
				AA5A9E822E02347900DE236C /* Sources */,
				AA5A9E832E02347900DE236C /* Frameworks */,
				AA5A9E842E02347900DE236C /* Resources */,
			);
			buildRules = (
			);
			dependencies = (
			);
			fileSystemSynchronizedGroups = (
				AA5A9E882E02347900DE236C /* ANiceClock */,
			);
			name = ANiceClock;
			packageProductDependencies = (
			);
			productName = ANiceClock;
			productReference = AA5A9E862E02347900DE236C /* ANiceClock.app */;
			productType = "com.apple.product-type.application";
		};
		AA5A9E952E02347A00DE236C /* ANiceClockTests */ = {
			isa = PBXNativeTarget;
			buildConfigurationList = AA5A9EAD2E02347A00DE236C /* Build configuration list for PBXNativeTarget "ANiceClockTests" */;
			buildPhases = (
				AA5A9E922E02347A00DE236C /* Sources */,
				AA5A9E932E02347A00DE236C /* Frameworks */,
				AA5A9E942E02347A00DE236C /* Resources */,
			);
			buildRules = (
			);
			dependencies = (
				AA5A9E982E02347A00DE236C /* PBXTargetDependency */,
			);
			fileSystemSynchronizedGroups = (
				AA5A9E992E02347A00DE236C /* ANiceClockTests */,
			);
			name = ANiceClockTests;
			packageProductDependencies = (
			);
			productName = ANiceClockTests;
			productReference = AA5A9E962E02347A00DE236C /* ANiceClockTests.xctest */;
			productType = "com.apple.product-type.bundle.unit-test";
		};
		AA5A9E9F2E02347A00DE236C /* ANiceClockUITests */ = {
			isa = PBXNativeTarget;
			buildConfigurationList = AA5A9EB02E02347A00DE236C /* Build configuration list for PBXNativeTarget "ANiceClockUITests" */;
			buildPhases = (
				AA5A9E9C2E02347A00DE236C /* Sources */,
				AA5A9E9D2E02347A00DE236C /* Frameworks */,
				AA5A9E9E2E02347A00DE236C /* Resources */,
			);
			buildRules = (
			);
			dependencies = (
				AA5A9EA22E02347A00DE236C /* PBXTargetDependency */,
			);
			fileSystemSynchronizedGroups = (
				AA5A9EA32E02347A00DE236C /* ANiceClockUITests */,
			);
			name = ANiceClockUITests;
			packageProductDependencies = (
			);
			productName = ANiceClockUITests;
			productReference = AA5A9EA02E02347A00DE236C /* ANiceClockUITests.xctest */;
			productType = "com.apple.product-type.bundle.ui-testing";
		};
/* End PBXNativeTarget section */

/* Begin PBXProject section */
		AA5A9E7E2E02347900DE236C /* Project object */ = {
			isa = PBXProject;
			attributes = {
				BuildIndependentTargetsInParallel = 1;
				LastSwiftUpdateCheck = 1620;
				LastUpgradeCheck = 1620;
				TargetAttributes = {
					AA5A9E852E02347900DE236C = {
						CreatedOnToolsVersion = 16.2;
					};
					AA5A9E952E02347A00DE236C = {
						CreatedOnToolsVersion = 16.2;
						TestTargetID = AA5A9E852E02347900DE236C;
					};
					AA5A9E9F2E02347A00DE236C = {
						CreatedOnToolsVersion = 16.2;
						TestTargetID = AA5A9E852E02347900DE236C;
					};
				};
			};
			buildConfigurationList = AA5A9E812E02347900DE236C /* Build configuration list for PBXProject "ANiceClock" */;
			developmentRegion = en;
			hasScannedForEncodings = 0;
			knownRegions = (
				en,
				Base,
			);
			mainGroup = AA5A9E7D2E02347900DE236C;
			minimizedProjectReferenceProxies = 1;
			preferredProjectObjectVersion = 77;
			productRefGroup = AA5A9E872E02347900DE236C /* Products */;
			projectDirPath = "";
			projectRoot = "";
			targets = (
				AA5A9E852E02347900DE236C /* ANiceClock */,
				AA5A9E952E02347A00DE236C /* ANiceClockTests */,
				AA5A9E9F2E02347A00DE236C /* ANiceClockUITests */,
			);
		};
/* End PBXProject section */

/* Begin PBXResourcesBuildPhase section */
		AA5A9E842E02347900DE236C /* Resources */ = {
			isa = PBXResourcesBuildPhase;
			buildActionMask = 2147483647;
			files = (
			);
			runOnlyForDeploymentPostprocessing = 0;
		};
		AA5A9E942E02347A00DE236C /* Resources */ = {
			isa = PBXResourcesBuildPhase;
			buildActionMask = 2147483647;
			files = (
			);
			runOnlyForDeploymentPostprocessing = 0;
		};
		AA5A9E9E2E02347A00DE236C /* Resources */ = {
			isa = PBXResourcesBuildPhase;
			buildActionMask = 2147483647;
			files = (
			);
			runOnlyForDeploymentPostprocessing = 0;
		};
/* End PBXResourcesBuildPhase section */

/* Begin PBXSourcesBuildPhase section */
		AA5A9E822E02347900DE236C /* Sources */ = {
			isa = PBXSourcesBuildPhase;
			buildActionMask = 2147483647;
			files = (
			);
			runOnlyForDeploymentPostprocessing = 0;
		};
		AA5A9E922E02347A00DE236C /* Sources */ = {
			isa = PBXSourcesBuildPhase;
			buildActionMask = 2147483647;
			files = (
			);
			runOnlyForDeploymentPostprocessing = 0;
		};
		AA5A9E9C2E02347A00DE236C /* Sources */ = {
			isa = PBXSourcesBuildPhase;
			buildActionMask = 2147483647;
			files = (
			);
			runOnlyForDeploymentPostprocessing = 0;
		};
/* End PBXSourcesBuildPhase section */

/* Begin PBXTargetDependency section */
		AA5A9E982E02347A00DE236C /* PBXTargetDependency */ = {
			isa = PBXTargetDependency;
			target = AA5A9E852E02347900DE236C /* ANiceClock */;
			targetProxy = AA5A9E972E02347A00DE236C /* PBXContainerItemProxy */;
		};
		AA5A9EA22E02347A00DE236C /* PBXTargetDependency */ = {
			isa = PBXTargetDependency;
			target = AA5A9E852E02347900DE236C /* ANiceClock */;
			targetProxy = AA5A9EA12E02347A00DE236C /* PBXContainerItemProxy */;
		};
/* End PBXTargetDependency section */

/* Begin XCBuildConfiguration section */
		AA5A9EA82E02347A00DE236C /* Debug */ = {
			isa = XCBuildConfiguration;
			buildSettings = {
				ALWAYS_SEARCH_USER_PATHS = NO;
				ASSETCATALOG_COMPILER_GENERATE_SWIFT_ASSET_SYMBOL_EXTENSIONS = YES;
				CLANG_ANALYZER_NONNULL = YES;
				CLANG_ANALYZER_NUMBER_OBJECT_CONVERSION = YES_AGGRESSIVE;
				CLANG_CXX_LANGUAGE_STANDARD = "gnu++20";
				CLANG_ENABLE_MODULES = YES;
				CLANG_ENABLE_OBJC_ARC = YES;
				CLANG_ENABLE_OBJC_WEAK = YES;
				CLANG_WARN_BLOCK_CAPTURE_AUTORELEASING = YES;
				CLANG_WARN_BOOL_CONVERSION = YES;
				CLANG_WARN_COMMA = YES;
				CLANG_WARN_CONSTANT_CONVERSION = YES;
				CLANG_WARN_DEPRECATED_OBJC_IMPLEMENTATIONS = YES;
				CLANG_WARN_DIRECT_OBJC_ISA_USAGE = YES_ERROR;
				CLANG_WARN_DOCUMENTATION_COMMENTS = YES;
				CLANG_WARN_EMPTY_BODY = YES;
				CLANG_WARN_ENUM_CONVERSION = YES;
				CLANG_WARN_INFINITE_RECURSION = YES;
				CLANG_WARN_INT_CONVERSION = YES;
				CLANG_WARN_NON_LITERAL_NULL_CONVERSION = YES;
				CLANG_WARN_OBJC_IMPLICIT_RETAIN_SELF = YES;
				CLANG_WARN_OBJC_LITERAL_CONVERSION = YES;
				CLANG_WARN_OBJC_ROOT_CLASS = YES_ERROR;
				CLANG_WARN_QUOTED_INCLUDE_IN_FRAMEWORK_HEADER = YES;
				CLANG_WARN_RANGE_LOOP_ANALYSIS = YES;
				CLANG_WARN_STRICT_PROTOTYPES = YES;
				CLANG_WARN_SUSPICIOUS_MOVE = YES;
				CLANG_WARN_UNGUARDED_AVAILABILITY = YES_AGGRESSIVE;
				CLANG_WARN_UNREACHABLE_CODE = YES;
				CLANG_WARN__DUPLICATE_METHOD_MATCH = YES;
				COPY_PHASE_STRIP = NO;
				DEBUG_INFORMATION_FORMAT = dwarf;
				ENABLE_STRICT_OBJC_MSGSEND = YES;
				ENABLE_TESTABILITY = YES;
				ENABLE_USER_SCRIPT_SANDBOXING = YES;
				GCC_C_LANGUAGE_STANDARD = gnu17;
				GCC_DYNAMIC_NO_PIC = NO;
				GCC_NO_COMMON_BLOCKS = YES;
				GCC_OPTIMIZATION_LEVEL = 0;
				GCC_PREPROCESSOR_DEFINITIONS = (
					"DEBUG=1",
					"$(inherited)",
				);
				GCC_WARN_64_TO_32_BIT_CONVERSION = YES;
				GCC_WARN_ABOUT_RETURN_TYPE = YES_ERROR;
				GCC_WARN_UNDECLARED_SELECTOR = YES;
				GCC_WARN_UNINITIALIZED_AUTOS = YES_AGGRESSIVE;
				GCC_WARN_UNUSED_FUNCTION = YES;
				GCC_WARN_UNUSED_VARIABLE = YES;
				IPHONEOS_DEPLOYMENT_TARGET = 18.2;
				LOCALIZATION_PREFERS_STRING_CATALOGS = YES;
				MTL_ENABLE_DEBUG_INFO = INCLUDE_SOURCE;
				MTL_FAST_MATH = YES;
				ONLY_ACTIVE_ARCH = YES;
				SDKROOT = iphoneos;
				SWIFT_ACTIVE_COMPILATION_CONDITIONS = "DEBUG $(inherited)";
				SWIFT_OPTIMIZATION_LEVEL = "-Onone";
			};
			name = Debug;
		};
		AA5A9EA92E02347A00DE236C /* Release */ = {
			isa = XCBuildConfiguration;
			buildSettings = {
				ALWAYS_SEARCH_USER_PATHS = NO;
				ASSETCATALOG_COMPILER_GENERATE_SWIFT_ASSET_SYMBOL_EXTENSIONS = YES;
				CLANG_ANALYZER_NONNULL = YES;
				CLANG_ANALYZER_NUMBER_OBJECT_CONVERSION = YES_AGGRESSIVE;
				CLANG_CXX_LANGUAGE_STANDARD = "gnu++20";
				CLANG_ENABLE_MODULES = YES;
				CLANG_ENABLE_OBJC_ARC = YES;
				CLANG_ENABLE_OBJC_WEAK = YES;
				CLANG_WARN_BLOCK_CAPTURE_AUTORELEASING = YES;
				CLANG_WARN_BOOL_CONVERSION = YES;
				CLANG_WARN_COMMA = YES;
				CLANG_WARN_CONSTANT_CONVERSION = YES;
				CLANG_WARN_DEPRECATED_OBJC_IMPLEMENTATIONS = YES;
				CLANG_WARN_DIRECT_OBJC_ISA_USAGE = YES_ERROR;
				CLANG_WARN_DOCUMENTATION_COMMENTS = YES;
				CLANG_WARN_EMPTY_BODY = YES;
				CLANG_WARN_ENUM_CONVERSION = YES;
				CLANG_WARN_INFINITE_RECURSION = YES;
				CLANG_WARN_INT_CONVERSION = YES;
				CLANG_WARN_NON_LITERAL_NULL_CONVERSION = YES;
				CLANG_WARN_OBJC_IMPLICIT_RETAIN_SELF = YES;
				CLANG_WARN_OBJC_LITERAL_CONVERSION = YES;
				CLANG_WARN_OBJC_ROOT_CLASS = YES_ERROR;
				CLANG_WARN_QUOTED_INCLUDE_IN_FRAMEWORK_HEADER = YES;
				CLANG_WARN_RANGE_LOOP_ANALYSIS = YES;
				CLANG_WARN_STRICT_PROTOTYPES = YES;
				CLANG_WARN_SUSPICIOUS_MOVE = YES;
				CLANG_WARN_UNGUARDED_AVAILABILITY = YES_AGGRESSIVE;
				CLANG_WARN_UNREACHABLE_CODE = YES;
				CLANG_WARN__DUPLICATE_METHOD_MATCH = YES;
				COPY_PHASE_STRIP = NO;
				DEBUG_INFORMATION_FORMAT = "dwarf-with-dsym";
				ENABLE_NS_ASSERTIONS = NO;
				ENABLE_STRICT_OBJC_MSGSEND = YES;
				ENABLE_USER_SCRIPT_SANDBOXING = YES;
				GCC_C_LANGUAGE_STANDARD = gnu17;
				GCC_NO_COMMON_BLOCKS = YES;
				GCC_WARN_64_TO_32_BIT_CONVERSION = YES;
				GCC_WARN_ABOUT_RETURN_TYPE = YES_ERROR;
				GCC_WARN_UNDECLARED_SELECTOR = YES;
				GCC_WARN_UNINITIALIZED_AUTOS = YES_AGGRESSIVE;
				GCC_WARN_UNUSED_FUNCTION = YES;
				GCC_WARN_UNUSED_VARIABLE = YES;
				IPHONEOS_DEPLOYMENT_TARGET = 18.2;
				LOCALIZATION_PREFERS_STRING_CATALOGS = YES;
				MTL_ENABLE_DEBUG_INFO = NO;
				MTL_FAST_MATH = YES;
				SDKROOT = iphoneos;
				SWIFT_COMPILATION_MODE = wholemodule;
				VALIDATE_PRODUCT = YES;
			};
			name = Release;
		};
		AA5A9EAB2E02347A00DE236C /* Debug */ = {
			isa = XCBuildConfiguration;
			buildSettings = {
				ASSETCATALOG_COMPILER_APPICON_NAME = AppIcon;
				ASSETCATALOG_COMPILER_GLOBAL_ACCENT_COLOR_NAME = AccentColor;
				CODE_SIGN_IDENTITY = "Apple Development";
				CODE_SIGN_STYLE = Automatic;
				CURRENT_PROJECT_VERSION = 1;
				DEVELOPMENT_ASSET_PATHS = "\"ANiceClock/Preview Content\"";
				DEVELOPMENT_TEAM = 82XA49FM24;
				ENABLE_PREVIEWS = YES;
				INFOPLIST_FILE = Info.plist;
				INFOPLIST_KEY_UIApplicationSceneManifest_Generation = YES;
				INFOPLIST_KEY_UIApplicationSupportsIndirectInputEvents = YES;
				INFOPLIST_KEY_UILaunchScreen_Generation = YES;
				INFOPLIST_KEY_UISupportedInterfaceOrientations_iPad = "UIInterfaceOrientationPortrait UIInterfaceOrientationPortraitUpsideDown UIInterfaceOrientationLandscapeLeft UIInterfaceOrientationLandscapeRight";
				INFOPLIST_KEY_UISupportedInterfaceOrientations_iPhone = "UIInterfaceOrientationPortrait UIInterfaceOrientationLandscapeLeft UIInterfaceOrientationLandscapeRight";
				LD_RUNPATH_SEARCH_PATHS = (
					"$(inherited)",
					"@executable_path/Frameworks",
				);
				MARKETING_VERSION = 1.0;
				PRODUCT_BUNDLE_IDENTIFIER = fpt.ANiceClock;
				PRODUCT_NAME = "$(TARGET_NAME)";
				PROVISIONING_PROFILE_SPECIFIER = "";
				SWIFT_EMIT_LOC_STRINGS = YES;
				SWIFT_VERSION = 5.0;
				TARGETED_DEVICE_FAMILY = "1,2";
			};
			name = Debug;
		};
		AA5A9EAC2E02347A00DE236C /* Release */ = {
			isa = XCBuildConfiguration;
			buildSettings = {
				ASSETCATALOG_COMPILER_APPICON_NAME = AppIcon;
				ASSETCATALOG_COMPILER_GLOBAL_ACCENT_COLOR_NAME = AccentColor;
				CODE_SIGN_IDENTITY = "Apple Development";
				CODE_SIGN_STYLE = Automatic;
				CURRENT_PROJECT_VERSION = 1;
				DEVELOPMENT_ASSET_PATHS = "\"ANiceClock/Preview Content\"";
				DEVELOPMENT_TEAM = 82XA49FM24;
				ENABLE_PREVIEWS = YES;
				INFOPLIST_FILE = Info.plist;
				INFOPLIST_KEY_UIApplicationSceneManifest_Generation = YES;
				INFOPLIST_KEY_UIApplicationSupportsIndirectInputEvents = YES;
				INFOPLIST_KEY_UILaunchScreen_Generation = YES;
				INFOPLIST_KEY_UISupportedInterfaceOrientations_iPad = "UIInterfaceOrientationPortrait UIInterfaceOrientationPortraitUpsideDown UIInterfaceOrientationLandscapeLeft UIInterfaceOrientationLandscapeRight";
				INFOPLIST_KEY_UISupportedInterfaceOrientations_iPhone = "UIInterfaceOrientationPortrait UIInterfaceOrientationLandscapeLeft UIInterfaceOrientationLandscapeRight";
				LD_RUNPATH_SEARCH_PATHS = (
					"$(inherited)",
					"@executable_path/Frameworks",
				);
				MARKETING_VERSION = 1.0;
				PRODUCT_BUNDLE_IDENTIFIER = fpt.ANiceClock;
				PRODUCT_NAME = "$(TARGET_NAME)";
				PROVISIONING_PROFILE_SPECIFIER = "";
				SWIFT_EMIT_LOC_STRINGS = YES;
				SWIFT_VERSION = 5.0;
				TARGETED_DEVICE_FAMILY = "1,2";
			};
			name = Release;
		};
		AA5A9EAE2E02347A00DE236C /* Debug */ = {
			isa = XCBuildConfiguration;
			buildSettings = {
				BUNDLE_LOADER = "$(TEST_HOST)";
				CODE_SIGN_STYLE = Automatic;
				CURRENT_PROJECT_VERSION = 1;
				GENERATE_INFOPLIST_FILE = YES;
				IPHONEOS_DEPLOYMENT_TARGET = 18.2;
				MARKETING_VERSION = 1.0;
				PRODUCT_BUNDLE_IDENTIFIER = fpt.ANiceClockTests;
				PRODUCT_NAME = "$(TARGET_NAME)";
				SWIFT_EMIT_LOC_STRINGS = NO;
				SWIFT_VERSION = 5.0;
				TARGETED_DEVICE_FAMILY = "1,2";
				TEST_HOST = "$(BUILT_PRODUCTS_DIR)/ANiceClock.app/$(BUNDLE_EXECUTABLE_FOLDER_PATH)/ANiceClock";
			};
			name = Debug;
		};
		AA5A9EAF2E02347A00DE236C /* Release */ = {
			isa = XCBuildConfiguration;
			buildSettings = {
				BUNDLE_LOADER = "$(TEST_HOST)";
				CODE_SIGN_STYLE = Automatic;
				CURRENT_PROJECT_VERSION = 1;
				GENERATE_INFOPLIST_FILE = YES;
				IPHONEOS_DEPLOYMENT_TARGET = 18.2;
				MARKETING_VERSION = 1.0;
				PRODUCT_BUNDLE_IDENTIFIER = fpt.ANiceClockTests;
				PRODUCT_NAME = "$(TARGET_NAME)";
				SWIFT_EMIT_LOC_STRINGS = NO;
				SWIFT_VERSION = 5.0;
				TARGETED_DEVICE_FAMILY = "1,2";
				TEST_HOST = "$(BUILT_PRODUCTS_DIR)/ANiceClock.app/$(BUNDLE_EXECUTABLE_FOLDER_PATH)/ANiceClock";
			};
			name = Release;
		};
		AA5A9EB12E02347A00DE236C /* Debug */ = {
			isa = XCBuildConfiguration;
			buildSettings = {
				CODE_SIGN_STYLE = Automatic;
				CURRENT_PROJECT_VERSION = 1;
				GENERATE_INFOPLIST_FILE = YES;
				MARKETING_VERSION = 1.0;
				PRODUCT_BUNDLE_IDENTIFIER = fpt.ANiceClockUITests;
				PRODUCT_NAME = "$(TARGET_NAME)";
				SWIFT_EMIT_LOC_STRINGS = NO;
				SWIFT_VERSION = 5.0;
				TARGETED_DEVICE_FAMILY = "1,2";
				TEST_TARGET_NAME = ANiceClock;
			};
			name = Debug;
		};
		AA5A9EB22E02347A00DE236C /* Release */ = {
			isa = XCBuildConfiguration;
			buildSettings = {
				CODE_SIGN_STYLE = Automatic;
				CURRENT_PROJECT_VERSION = 1;
				GENERATE_INFOPLIST_FILE = YES;
				MARKETING_VERSION = 1.0;
				PRODUCT_BUNDLE_IDENTIFIER = fpt.ANiceClockUITests;
				PRODUCT_NAME = "$(TARGET_NAME)";
				SWIFT_EMIT_LOC_STRINGS = NO;
				SWIFT_VERSION = 5.0;
				TARGETED_DEVICE_FAMILY = "1,2";
				TEST_TARGET_NAME = ANiceClock;
			};
			name = Release;
		};
/* End XCBuildConfiguration section */

/* Begin XCConfigurationList section */
		AA5A9E812E02347900DE236C /* Build configuration list for PBXProject "ANiceClock" */ = {
			isa = XCConfigurationList;
			buildConfigurations = (
				AA5A9EA82E02347A00DE236C /* Debug */,
				AA5A9EA92E02347A00DE236C /* Release */,
			);
			defaultConfigurationIsVisible = 0;
			defaultConfigurationName = Release;
		};
		AA5A9EAA2E02347A00DE236C /* Build configuration list for PBXNativeTarget "ANiceClock" */ = {
			isa = XCConfigurationList;
			buildConfigurations = (
				AA5A9EAB2E02347A00DE236C /* Debug */,
				AA5A9EAC2E02347A00DE236C /* Release */,
			);
			defaultConfigurationIsVisible = 0;
			defaultConfigurationName = Release;
		};
		AA5A9EAD2E02347A00DE236C /* Build configuration list for PBXNativeTarget "ANiceClockTests" */ = {
			isa = XCConfigurationList;
			buildConfigurations = (
				AA5A9EAE2E02347A00DE236C /* Debug */,
				AA5A9EAF2E02347A00DE236C /* Release */,
			);
			defaultConfigurationIsVisible = 0;
			defaultConfigurationName = Release;
		};
		AA5A9EB02E02347A00DE236C /* Build configuration list for PBXNativeTarget "ANiceClockUITests" */ = {
			isa = XCConfigurationList;
			buildConfigurations = (
				AA5A9EB12E02347A00DE236C /* Debug */,
				AA5A9EB22E02347A00DE236C /* Release */,
			);
			defaultConfigurationIsVisible = 0;
			defaultConfigurationName = Release;
		};
/* End XCConfigurationList section */
	};
	rootObject = AA5A9E7E2E02347900DE236C /* Project object */;
}
